// !$*UTF8*$!
{
	archiveVersion = 1;
	classes = {
	};
	objectVersion = 56;
	objects = {

/* Begin PBXBuildFile section */
		2C3300D52AEEAD0400E56B9C /* SwiftSoup in Frameworks */ = {isa = PBXBuildFile; productRef = 2C3300D42AEEAD0400E56B9C /* SwiftSoup */; };
		2C68BB332AE9044A000FD360 /* HelpCookApp.swift in Sources */ = {isa = PBXBuildFile; fileRef = 2C68BB322AE9044A000FD360 /* HelpCookApp.swift */; };
		2C68BB352AE9044A000FD360 /* MainTabView.swift in Sources */ = {isa = PBXBuildFile; fileRef = 2C68BB342AE9044A000FD360 /* MainTabView.swift */; };
		2C68BB372AE9044B000FD360 /* Assets.xcassets in Resources */ = {isa = PBXBuildFile; fileRef = 2C68BB362AE9044B000FD360 /* Assets.xcassets */; };
		2C68BB3A2AE9044B000FD360 /* Preview Assets.xcassets in Resources */ = {isa = PBXBuildFile; fileRef = 2C68BB392AE9044B000FD360 /* Preview Assets.xcassets */; };
		2C68BB452AE9044B000FD360 /* HelpCookTests.swift in Sources */ = {isa = PBXBuildFile; fileRef = 2C68BB442AE9044B000FD360 /* HelpCookTests.swift */; };
		2C68BB4F2AE9044B000FD360 /* HelpCookUITests.swift in Sources */ = {isa = PBXBuildFile; fileRef = 2C68BB4E2AE9044B000FD360 /* HelpCookUITests.swift */; };
		2C68BB512AE9044B000FD360 /* HelpCookUITestsLaunchTests.swift in Sources */ = {isa = PBXBuildFile; fileRef = 2C68BB502AE9044B000FD360 /* HelpCookUITestsLaunchTests.swift */; };
		2C68BB5E2AE90589000FD360 /* HomeView.swift in Sources */ = {isa = PBXBuildFile; fileRef = 2C68BB5D2AE90589000FD360 /* HomeView.swift */; };
		2C68BB602AE90652000FD360 /* ChatView.swift in Sources */ = {isa = PBXBuildFile; fileRef = 2C68BB5F2AE90652000FD360 /* ChatView.swift */; };
		2C68BB622AE906B8000FD360 /* ProfileView.swift in Sources */ = {isa = PBXBuildFile; fileRef = 2C68BB612AE906B8000FD360 /* ProfileView.swift */; };
		2C68BB652AE90C02000FD360 /* ImagePicker.swift in Sources */ = {isa = PBXBuildFile; fileRef = 2C68BB642AE90C02000FD360 /* ImagePicker.swift */; };
		2C68BB672AE91F8D000FD360 /* Launch Screen.storyboard in Resources */ = {isa = PBXBuildFile; fileRef = 2C68BB662AE91F8D000FD360 /* Launch Screen.storyboard */; };
		2C78C92F2B09E8B80050AE46 /* RegisterView.swift in Sources */ = {isa = PBXBuildFile; fileRef = 2C78C92E2B09E8B80050AE46 /* RegisterView.swift */; };
		2C78C9312B0A46F70050AE46 /* InputFieldView.swift in Sources */ = {isa = PBXBuildFile; fileRef = 2C78C9302B0A46F70050AE46 /* InputFieldView.swift */; };
		2C78C9332B0A4AA90050AE46 /* GoogleService-Info.plist in Resources */ = {isa = PBXBuildFile; fileRef = 2C78C9322B0A4AA90050AE46 /* GoogleService-Info.plist */; };
		2C78C9362B0A4C3B0050AE46 /* AuthViewModel.swift in Sources */ = {isa = PBXBuildFile; fileRef = 2C78C9352B0A4C3B0050AE46 /* AuthViewModel.swift */; };
		2C78C9392B0A4D8E0050AE46 /* FirebaseAuth in Frameworks */ = {isa = PBXBuildFile; productRef = 2C78C9382B0A4D8E0050AE46 /* FirebaseAuth */; };
		2C78C93B2B0A4DA80050AE46 /* FirebaseAnalytics in Frameworks */ = {isa = PBXBuildFile; productRef = 2C78C93A2B0A4DA80050AE46 /* FirebaseAnalytics */; };
		2C78C93D2B0A4DA80050AE46 /* FirebaseAnalyticsOnDeviceConversion in Frameworks */ = {isa = PBXBuildFile; productRef = 2C78C93C2B0A4DA80050AE46 /* FirebaseAnalyticsOnDeviceConversion */; };
		2C78C93F2B0A4DA80050AE46 /* FirebaseAnalyticsSwift in Frameworks */ = {isa = PBXBuildFile; productRef = 2C78C93E2B0A4DA80050AE46 /* FirebaseAnalyticsSwift */; };
		2C78C9412B0A4DA80050AE46 /* FirebaseAnalyticsWithoutAdIdSupport in Frameworks */ = {isa = PBXBuildFile; productRef = 2C78C9402B0A4DA80050AE46 /* FirebaseAnalyticsWithoutAdIdSupport */; };
		2C78C9432B0A4DA80050AE46 /* FirebaseAppCheck in Frameworks */ = {isa = PBXBuildFile; productRef = 2C78C9422B0A4DA80050AE46 /* FirebaseAppCheck */; };
		2C78C9452B0A52310050AE46 /* SecureInputView.swift in Sources */ = {isa = PBXBuildFile; fileRef = 2C78C9442B0A52310050AE46 /* SecureInputView.swift */; };
		2C909E652AEE47F000253954 /* CookView.swift in Sources */ = {isa = PBXBuildFile; fileRef = 2C909E642AEE47F000253954 /* CookView.swift */; };
		2CC2D2E42AEBEA520003AC93 /* ImageViewModel.swift in Sources */ = {isa = PBXBuildFile; fileRef = 2CC2D2E32AEBEA520003AC93 /* ImageViewModel.swift */; };
		2CED54EE2AF0F43F006CF6F0 /* NetworkManager.swift in Sources */ = {isa = PBXBuildFile; fileRef = 2CED54ED2AF0F43F006CF6F0 /* NetworkManager.swift */; };
		2CF5141F2B0B387D004EAFA6 /* loginView.swift in Sources */ = {isa = PBXBuildFile; fileRef = 2CF5141E2B0B387D004EAFA6 /* loginView.swift */; };
		2CF6EBE82B05E8A000C956DA /* CookItem.swift in Sources */ = {isa = PBXBuildFile; fileRef = 2CF6EBE72B05E8A000C956DA /* CookItem.swift */; };
		2CF6EBEB2B05EC0800C956DA /* CookViewModel.swift in Sources */ = {isa = PBXBuildFile; fileRef = 2CF6EBEA2B05EC0800C956DA /* CookViewModel.swift */; };
/* End PBXBuildFile section */

/* Begin PBXContainerItemProxy section */
		2C68BB412AE9044B000FD360 /* PBXContainerItemProxy */ = {
			isa = PBXContainerItemProxy;
			containerPortal = 2C68BB272AE9044A000FD360 /* Project object */;
			proxyType = 1;
			remoteGlobalIDString = 2C68BB2E2AE9044A000FD360;
			remoteInfo = HelpCook;
		};
		2C68BB4B2AE9044B000FD360 /* PBXContainerItemProxy */ = {
			isa = PBXContainerItemProxy;
			containerPortal = 2C68BB272AE9044A000FD360 /* Project object */;
			proxyType = 1;
			remoteGlobalIDString = 2C68BB2E2AE9044A000FD360;
			remoteInfo = HelpCook;
		};
/* End PBXContainerItemProxy section */

/* Begin PBXFileReference section */
		2C68BB2F2AE9044A000FD360 /* HelpCook.app */ = {isa = PBXFileReference; explicitFileType = wrapper.application; includeInIndex = 0; path = HelpCook.app; sourceTree = BUILT_PRODUCTS_DIR; };
		2C68BB322AE9044A000FD360 /* HelpCookApp.swift */ = {isa = PBXFileReference; lastKnownFileType = sourcecode.swift; path = HelpCookApp.swift; sourceTree = "<group>"; };
		2C68BB342AE9044A000FD360 /* MainTabView.swift */ = {isa = PBXFileReference; lastKnownFileType = sourcecode.swift; path = MainTabView.swift; sourceTree = "<group>"; };
		2C68BB362AE9044B000FD360 /* Assets.xcassets */ = {isa = PBXFileReference; lastKnownFileType = folder.assetcatalog; path = Assets.xcassets; sourceTree = "<group>"; };
		2C68BB392AE9044B000FD360 /* Preview Assets.xcassets */ = {isa = PBXFileReference; lastKnownFileType = folder.assetcatalog; path = "Preview Assets.xcassets"; sourceTree = "<group>"; };
		2C68BB3B2AE9044B000FD360 /* HelpCook.entitlements */ = {isa = PBXFileReference; lastKnownFileType = text.plist.entitlements; path = HelpCook.entitlements; sourceTree = "<group>"; };
		2C68BB402AE9044B000FD360 /* HelpCookTests.xctest */ = {isa = PBXFileReference; explicitFileType = wrapper.cfbundle; includeInIndex = 0; path = HelpCookTests.xctest; sourceTree = BUILT_PRODUCTS_DIR; };
		2C68BB442AE9044B000FD360 /* HelpCookTests.swift */ = {isa = PBXFileReference; lastKnownFileType = sourcecode.swift; path = HelpCookTests.swift; sourceTree = "<group>"; };
		2C68BB4A2AE9044B000FD360 /* HelpCookUITests.xctest */ = {isa = PBXFileReference; explicitFileType = wrapper.cfbundle; includeInIndex = 0; path = HelpCookUITests.xctest; sourceTree = BUILT_PRODUCTS_DIR; };
		2C68BB4E2AE9044B000FD360 /* HelpCookUITests.swift */ = {isa = PBXFileReference; lastKnownFileType = sourcecode.swift; path = HelpCookUITests.swift; sourceTree = "<group>"; };
		2C68BB502AE9044B000FD360 /* HelpCookUITestsLaunchTests.swift */ = {isa = PBXFileReference; lastKnownFileType = sourcecode.swift; path = HelpCookUITestsLaunchTests.swift; sourceTree = "<group>"; };
		2C68BB5D2AE90589000FD360 /* HomeView.swift */ = {isa = PBXFileReference; lastKnownFileType = sourcecode.swift; path = HomeView.swift; sourceTree = "<group>"; };
		2C68BB5F2AE90652000FD360 /* ChatView.swift */ = {isa = PBXFileReference; lastKnownFileType = sourcecode.swift; path = ChatView.swift; sourceTree = "<group>"; };
		2C68BB612AE906B8000FD360 /* ProfileView.swift */ = {isa = PBXFileReference; lastKnownFileType = sourcecode.swift; path = ProfileView.swift; sourceTree = "<group>"; };
		2C68BB642AE90C02000FD360 /* ImagePicker.swift */ = {isa = PBXFileReference; lastKnownFileType = sourcecode.swift; path = ImagePicker.swift; sourceTree = "<group>"; };
		2C68BB662AE91F8D000FD360 /* Launch Screen.storyboard */ = {isa = PBXFileReference; lastKnownFileType = file.storyboard; path = "Launch Screen.storyboard"; sourceTree = "<group>"; };
		2C78C92E2B09E8B80050AE46 /* RegisterView.swift */ = {isa = PBXFileReference; lastKnownFileType = sourcecode.swift; path = RegisterView.swift; sourceTree = "<group>"; };
		2C78C9302B0A46F70050AE46 /* InputFieldView.swift */ = {isa = PBXFileReference; lastKnownFileType = sourcecode.swift; path = InputFieldView.swift; sourceTree = "<group>"; };
		2C78C9322B0A4AA90050AE46 /* GoogleService-Info.plist */ = {isa = PBXFileReference; fileEncoding = 4; lastKnownFileType = text.plist.xml; path = "GoogleService-Info.plist"; sourceTree = "<group>"; };
		2C78C9352B0A4C3B0050AE46 /* AuthViewModel.swift */ = {isa = PBXFileReference; lastKnownFileType = sourcecode.swift; path = AuthViewModel.swift; sourceTree = "<group>"; };
		2C78C9442B0A52310050AE46 /* SecureInputView.swift */ = {isa = PBXFileReference; lastKnownFileType = sourcecode.swift; path = SecureInputView.swift; sourceTree = "<group>"; };
		2C909E642AEE47F000253954 /* CookView.swift */ = {isa = PBXFileReference; lastKnownFileType = sourcecode.swift; path = CookView.swift; sourceTree = "<group>"; };
		2CC2D2E32AEBEA520003AC93 /* ImageViewModel.swift */ = {isa = PBXFileReference; lastKnownFileType = sourcecode.swift; path = ImageViewModel.swift; sourceTree = "<group>"; };
		2CED54ED2AF0F43F006CF6F0 /* NetworkManager.swift */ = {isa = PBXFileReference; lastKnownFileType = sourcecode.swift; path = NetworkManager.swift; sourceTree = "<group>"; };
		2CF5141E2B0B387D004EAFA6 /* loginView.swift */ = {isa = PBXFileReference; lastKnownFileType = sourcecode.swift; path = loginView.swift; sourceTree = "<group>"; };
		2CF6EBE72B05E8A000C956DA /* CookItem.swift */ = {isa = PBXFileReference; lastKnownFileType = sourcecode.swift; path = CookItem.swift; sourceTree = "<group>"; };
		2CF6EBEA2B05EC0800C956DA /* CookViewModel.swift */ = {isa = PBXFileReference; lastKnownFileType = sourcecode.swift; path = CookViewModel.swift; sourceTree = "<group>"; };
/* End PBXFileReference section */

/* Begin PBXFrameworksBuildPhase section */
		2C68BB2C2AE9044A000FD360 /* Frameworks */ = {
			isa = PBXFrameworksBuildPhase;
			buildActionMask = 2147483647;
			files = (
				2C3300D52AEEAD0400E56B9C /* SwiftSoup in Frameworks */,
				2C78C9412B0A4DA80050AE46 /* FirebaseAnalyticsWithoutAdIdSupport in Frameworks */,
				2C78C9392B0A4D8E0050AE46 /* FirebaseAuth in Frameworks */,
				2C78C93B2B0A4DA80050AE46 /* FirebaseAnalytics in Frameworks */,
				2C78C9432B0A4DA80050AE46 /* FirebaseAppCheck in Frameworks */,
				2C78C93D2B0A4DA80050AE46 /* FirebaseAnalyticsOnDeviceConversion in Frameworks */,
				2C78C93F2B0A4DA80050AE46 /* FirebaseAnalyticsSwift in Frameworks */,
			);
			runOnlyForDeploymentPostprocessing = 0;
		};
		2C68BB3D2AE9044B000FD360 /* Frameworks */ = {
			isa = PBXFrameworksBuildPhase;
			buildActionMask = 2147483647;
			files = (
			);
			runOnlyForDeploymentPostprocessing = 0;
		};
		2C68BB472AE9044B000FD360 /* Frameworks */ = {
			isa = PBXFrameworksBuildPhase;
			buildActionMask = 2147483647;
			files = (
			);
			runOnlyForDeploymentPostprocessing = 0;
		};
/* End PBXFrameworksBuildPhase section */

/* Begin PBXGroup section */
		2C68BB262AE9044A000FD360 = {
			isa = PBXGroup;
			children = (
				2C68BB312AE9044A000FD360 /* HelpCook */,
				2C68BB432AE9044B000FD360 /* HelpCookTests */,
				2C68BB4D2AE9044B000FD360 /* HelpCookUITests */,
				2C68BB302AE9044A000FD360 /* Products */,
				2C78C9372B0A4D8E0050AE46 /* Frameworks */,
			);
			sourceTree = "<group>";
		};
		2C68BB302AE9044A000FD360 /* Products */ = {
			isa = PBXGroup;
			children = (
				2C68BB2F2AE9044A000FD360 /* HelpCook.app */,
				2C68BB402AE9044B000FD360 /* HelpCookTests.xctest */,
				2C68BB4A2AE9044B000FD360 /* HelpCookUITests.xctest */,
			);
			name = Products;
			sourceTree = "<group>";
		};
		2C68BB312AE9044A000FD360 /* HelpCook */ = {
			isa = PBXGroup;
			children = (
				2C78C9322B0A4AA90050AE46 /* GoogleService-Info.plist */,
				2C68BB322AE9044A000FD360 /* HelpCookApp.swift */,
				2CED54ED2AF0F43F006CF6F0 /* NetworkManager.swift */,
				2CF6EBE92B05E92600C956DA /* Model */,
				2CF6EBEC2B05F59700C956DA /* ViewModel */,
				2C68BB632AE9071E000FD360 /* View */,
				2C68BB362AE9044B000FD360 /* Assets.xcassets */,
				2C68BB3B2AE9044B000FD360 /* HelpCook.entitlements */,
				2C68BB382AE9044B000FD360 /* Preview Content */,
			);
			path = HelpCook;
			sourceTree = "<group>";
		};
		2C68BB382AE9044B000FD360 /* Preview Content */ = {
			isa = PBXGroup;
			children = (
				2C68BB392AE9044B000FD360 /* Preview Assets.xcassets */,
			);
			path = "Preview Content";
			sourceTree = "<group>";
		};
		2C68BB432AE9044B000FD360 /* HelpCookTests */ = {
			isa = PBXGroup;
			children = (
				2C68BB442AE9044B000FD360 /* HelpCookTests.swift */,
			);
			path = HelpCookTests;
			sourceTree = "<group>";
		};
		2C68BB4D2AE9044B000FD360 /* HelpCookUITests */ = {
			isa = PBXGroup;
			children = (
				2C68BB4E2AE9044B000FD360 /* HelpCookUITests.swift */,
				2C68BB502AE9044B000FD360 /* HelpCookUITestsLaunchTests.swift */,
			);
			path = HelpCookUITests;
			sourceTree = "<group>";
		};
		2C68BB632AE9071E000FD360 /* View */ = {
			isa = PBXGroup;
			children = (
				2C68BB662AE91F8D000FD360 /* Launch Screen.storyboard */,
				2C68BB342AE9044A000FD360 /* MainTabView.swift */,
				2C68BB5D2AE90589000FD360 /* HomeView.swift */,
				2C68BB5F2AE90652000FD360 /* ChatView.swift */,
				2C78C92E2B09E8B80050AE46 /* RegisterView.swift */,
				2C78C9302B0A46F70050AE46 /* InputFieldView.swift */,
				2CF5141E2B0B387D004EAFA6 /* loginView.swift */,
				2C78C9442B0A52310050AE46 /* SecureInputView.swift */,
				2C909E642AEE47F000253954 /* CookView.swift */,
				2C68BB612AE906B8000FD360 /* ProfileView.swift */,
			);
			path = View;
			sourceTree = "<group>";
		};
		2C78C9372B0A4D8E0050AE46 /* Frameworks */ = {
			isa = PBXGroup;
			children = (
			);
			name = Frameworks;
			sourceTree = "<group>";
		};
		2CF6EBE92B05E92600C956DA /* Model */ = {
			isa = PBXGroup;
			children = (
				2C68BB642AE90C02000FD360 /* ImagePicker.swift */,
				2CF6EBE72B05E8A000C956DA /* CookItem.swift */,
			);
			path = Model;
			sourceTree = "<group>";
		};
		2CF6EBEC2B05F59700C956DA /* ViewModel */ = {
			isa = PBXGroup;
			children = (
				2CF6EBEA2B05EC0800C956DA /* CookViewModel.swift */,
				2CC2D2E32AEBEA520003AC93 /* ImageViewModel.swift */,
				2C78C9352B0A4C3B0050AE46 /* AuthViewModel.swift */,
			);
			path = ViewModel;
			sourceTree = "<group>";
		};
/* End PBXGroup section */

/* Begin PBXNativeTarget section */
		2C68BB2E2AE9044A000FD360 /* HelpCook */ = {
			isa = PBXNativeTarget;
			buildConfigurationList = 2C68BB542AE9044B000FD360 /* Build configuration list for PBXNativeTarget "HelpCook" */;
			buildPhases = (
				2C68BB2B2AE9044A000FD360 /* Sources */,
				2C68BB2C2AE9044A000FD360 /* Frameworks */,
				2C68BB2D2AE9044A000FD360 /* Resources */,
			);
			buildRules = (
			);
			dependencies = (
			);
			name = HelpCook;
			packageProductDependencies = (
				2C3300D42AEEAD0400E56B9C /* SwiftSoup */,
				2C78C9382B0A4D8E0050AE46 /* FirebaseAuth */,
				2C78C93A2B0A4DA80050AE46 /* FirebaseAnalytics */,
				2C78C93C2B0A4DA80050AE46 /* FirebaseAnalyticsOnDeviceConversion */,
				2C78C93E2B0A4DA80050AE46 /* FirebaseAnalyticsSwift */,
				2C78C9402B0A4DA80050AE46 /* FirebaseAnalyticsWithoutAdIdSupport */,
				2C78C9422B0A4DA80050AE46 /* FirebaseAppCheck */,
			);
			productName = HelpCook;
			productReference = 2C68BB2F2AE9044A000FD360 /* HelpCook.app */;
			productType = "com.apple.product-type.application";
		};
		2C68BB3F2AE9044B000FD360 /* HelpCookTests */ = {
			isa = PBXNativeTarget;
			buildConfigurationList = 2C68BB572AE9044B000FD360 /* Build configuration list for PBXNativeTarget "HelpCookTests" */;
			buildPhases = (
				2C68BB3C2AE9044B000FD360 /* Sources */,
				2C68BB3D2AE9044B000FD360 /* Frameworks */,
				2C68BB3E2AE9044B000FD360 /* Resources */,
			);
			buildRules = (
			);
			dependencies = (
				2C68BB422AE9044B000FD360 /* PBXTargetDependency */,
			);
			name = HelpCookTests;
			productName = HelpCookTests;
			productReference = 2C68BB402AE9044B000FD360 /* HelpCookTests.xctest */;
			productType = "com.apple.product-type.bundle.unit-test";
		};
		2C68BB492AE9044B000FD360 /* HelpCookUITests */ = {
			isa = PBXNativeTarget;
			buildConfigurationList = 2C68BB5A2AE9044B000FD360 /* Build configuration list for PBXNativeTarget "HelpCookUITests" */;
			buildPhases = (
				2C68BB462AE9044B000FD360 /* Sources */,
				2C68BB472AE9044B000FD360 /* Frameworks */,
				2C68BB482AE9044B000FD360 /* Resources */,
			);
			buildRules = (
			);
			dependencies = (
				2C68BB4C2AE9044B000FD360 /* PBXTargetDependency */,
			);
			name = HelpCookUITests;
			productName = HelpCookUITests;
			productReference = 2C68BB4A2AE9044B000FD360 /* HelpCookUITests.xctest */;
			productType = "com.apple.product-type.bundle.ui-testing";
		};
/* End PBXNativeTarget section */

/* Begin PBXProject section */
		2C68BB272AE9044A000FD360 /* Project object */ = {
			isa = PBXProject;
			attributes = {
				BuildIndependentTargetsInParallel = 1;
				LastSwiftUpdateCheck = 1500;
				LastUpgradeCheck = 1500;
				TargetAttributes = {
					2C68BB2E2AE9044A000FD360 = {
						CreatedOnToolsVersion = 15.0.1;
					};
					2C68BB3F2AE9044B000FD360 = {
						CreatedOnToolsVersion = 15.0.1;
						TestTargetID = 2C68BB2E2AE9044A000FD360;
					};
					2C68BB492AE9044B000FD360 = {
						CreatedOnToolsVersion = 15.0.1;
						TestTargetID = 2C68BB2E2AE9044A000FD360;
					};
				};
			};
			buildConfigurationList = 2C68BB2A2AE9044A000FD360 /* Build configuration list for PBXProject "HelpCook" */;
			compatibilityVersion = "Xcode 14.0";
			developmentRegion = en;
			hasScannedForEncodings = 0;
			knownRegions = (
				en,
				Base,
			);
			mainGroup = 2C68BB262AE9044A000FD360;
			packageReferences = (
				2C3300D32AEEAD0400E56B9C /* XCRemoteSwiftPackageReference "SwiftSoup" */,
				2C78C9342B0A4AEA0050AE46 /* XCRemoteSwiftPackageReference "firebase-ios-sdk" */,
			);
			productRefGroup = 2C68BB302AE9044A000FD360 /* Products */;
			projectDirPath = "";
			projectRoot = "";
			targets = (
				2C68BB2E2AE9044A000FD360 /* HelpCook */,
				2C68BB3F2AE9044B000FD360 /* HelpCookTests */,
				2C68BB492AE9044B000FD360 /* HelpCookUITests */,
			);
		};
/* End PBXProject section */

/* Begin PBXResourcesBuildPhase section */
		2C68BB2D2AE9044A000FD360 /* Resources */ = {
			isa = PBXResourcesBuildPhase;
			buildActionMask = 2147483647;
			files = (
				2C68BB672AE91F8D000FD360 /* Launch Screen.storyboard in Resources */,
				2C78C9332B0A4AA90050AE46 /* GoogleService-Info.plist in Resources */,
				2C68BB3A2AE9044B000FD360 /* Preview Assets.xcassets in Resources */,
				2C68BB372AE9044B000FD360 /* Assets.xcassets in Resources */,
			);
			runOnlyForDeploymentPostprocessing = 0;
		};
		2C68BB3E2AE9044B000FD360 /* Resources */ = {
			isa = PBXResourcesBuildPhase;
			buildActionMask = 2147483647;
			files = (
			);
			runOnlyForDeploymentPostprocessing = 0;
		};
		2C68BB482AE9044B000FD360 /* Resources */ = {
			isa = PBXResourcesBuildPhase;
			buildActionMask = 2147483647;
			files = (
			);
			runOnlyForDeploymentPostprocessing = 0;
		};
/* End PBXResourcesBuildPhase section */

/* Begin PBXSourcesBuildPhase section */
		2C68BB2B2AE9044A000FD360 /* Sources */ = {
			isa = PBXSourcesBuildPhase;
			buildActionMask = 2147483647;
			files = (
				2C78C9452B0A52310050AE46 /* SecureInputView.swift in Sources */,
				2C909E652AEE47F000253954 /* CookView.swift in Sources */,
				2CF6EBEB2B05EC0800C956DA /* CookViewModel.swift in Sources */,
				2CC2D2E42AEBEA520003AC93 /* ImageViewModel.swift in Sources */,
				2C68BB602AE90652000FD360 /* ChatView.swift in Sources */,
				2C68BB352AE9044A000FD360 /* MainTabView.swift in Sources */,
				2C68BB622AE906B8000FD360 /* ProfileView.swift in Sources */,
				2CED54EE2AF0F43F006CF6F0 /* NetworkManager.swift in Sources */,
				2CF6EBE82B05E8A000C956DA /* CookItem.swift in Sources */,
				2C78C9312B0A46F70050AE46 /* InputFieldView.swift in Sources */,
				2C68BB652AE90C02000FD360 /* ImagePicker.swift in Sources */,
				2C78C9362B0A4C3B0050AE46 /* AuthViewModel.swift in Sources */,
				2C78C92F2B09E8B80050AE46 /* RegisterView.swift in Sources */,
				2C68BB5E2AE90589000FD360 /* HomeView.swift in Sources */,
				2CF5141F2B0B387D004EAFA6 /* loginView.swift in Sources */,
				2C68BB332AE9044A000FD360 /* HelpCookApp.swift in Sources */,
			);
			runOnlyForDeploymentPostprocessing = 0;
		};
		2C68BB3C2AE9044B000FD360 /* Sources */ = {
			isa = PBXSourcesBuildPhase;
			buildActionMask = 2147483647;
			files = (
				2C68BB452AE9044B000FD360 /* HelpCookTests.swift in Sources */,
			);
			runOnlyForDeploymentPostprocessing = 0;
		};
		2C68BB462AE9044B000FD360 /* Sources */ = {
			isa = PBXSourcesBuildPhase;
			buildActionMask = 2147483647;
			files = (
				2C68BB512AE9044B000FD360 /* HelpCookUITestsLaunchTests.swift in Sources */,
				2C68BB4F2AE9044B000FD360 /* HelpCookUITests.swift in Sources */,
			);
			runOnlyForDeploymentPostprocessing = 0;
		};
/* End PBXSourcesBuildPhase section */

/* Begin PBXTargetDependency section */
		2C68BB422AE9044B000FD360 /* PBXTargetDependency */ = {
			isa = PBXTargetDependency;
			target = 2C68BB2E2AE9044A000FD360 /* HelpCook */;
			targetProxy = 2C68BB412AE9044B000FD360 /* PBXContainerItemProxy */;
		};
		2C68BB4C2AE9044B000FD360 /* PBXTargetDependency */ = {
			isa = PBXTargetDependency;
			target = 2C68BB2E2AE9044A000FD360 /* HelpCook */;
			targetProxy = 2C68BB4B2AE9044B000FD360 /* PBXContainerItemProxy */;
		};
/* End PBXTargetDependency section */

/* Begin XCBuildConfiguration section */
		2C68BB522AE9044B000FD360 /* Debug */ = {
			isa = XCBuildConfiguration;
			buildSettings = {
				ALWAYS_SEARCH_USER_PATHS = NO;
				ASSETCATALOG_COMPILER_GENERATE_SWIFT_ASSET_SYMBOL_EXTENSIONS = YES;
				CLANG_ANALYZER_NONNULL = YES;
				CLANG_ANALYZER_NUMBER_OBJECT_CONVERSION = YES_AGGRESSIVE;
				CLANG_CXX_LANGUAGE_STANDARD = "gnu++20";
				CLANG_ENABLE_MODULES = YES;
				CLANG_ENABLE_OBJC_ARC = YES;
				CLANG_ENABLE_OBJC_WEAK = YES;
				CLANG_WARN_BLOCK_CAPTURE_AUTORELEASING = YES;
				CLANG_WARN_BOOL_CONVERSION = YES;
				CLANG_WARN_COMMA = YES;
				CLANG_WARN_CONSTANT_CONVERSION = YES;
				CLANG_WARN_DEPRECATED_OBJC_IMPLEMENTATIONS = YES;
				CLANG_WARN_DIRECT_OBJC_ISA_USAGE = YES_ERROR;
				CLANG_WARN_DOCUMENTATION_COMMENTS = YES;
				CLANG_WARN_EMPTY_BODY = YES;
				CLANG_WARN_ENUM_CONVERSION = YES;
				CLANG_WARN_INFINITE_RECURSION = YES;
				CLANG_WARN_INT_CONVERSION = YES;
				CLANG_WARN_NON_LITERAL_NULL_CONVERSION = YES;
				CLANG_WARN_OBJC_IMPLICIT_RETAIN_SELF = YES;
				CLANG_WARN_OBJC_LITERAL_CONVERSION = YES;
				CLANG_WARN_OBJC_ROOT_CLASS = YES_ERROR;
				CLANG_WARN_QUOTED_INCLUDE_IN_FRAMEWORK_HEADER = YES;
				CLANG_WARN_RANGE_LOOP_ANALYSIS = YES;
				CLANG_WARN_STRICT_PROTOTYPES = YES;
				CLANG_WARN_SUSPICIOUS_MOVE = YES;
				CLANG_WARN_UNGUARDED_AVAILABILITY = YES_AGGRESSIVE;
				CLANG_WARN_UNREACHABLE_CODE = YES;
				CLANG_WARN__DUPLICATE_METHOD_MATCH = YES;
				COPY_PHASE_STRIP = NO;
				DEBUG_INFORMATION_FORMAT = dwarf;
				ENABLE_STRICT_OBJC_MSGSEND = YES;
				ENABLE_TESTABILITY = YES;
				ENABLE_USER_SCRIPT_SANDBOXING = YES;
				GCC_C_LANGUAGE_STANDARD = gnu17;
				GCC_DYNAMIC_NO_PIC = NO;
				GCC_NO_COMMON_BLOCKS = YES;
				GCC_OPTIMIZATION_LEVEL = 0;
				GCC_PREPROCESSOR_DEFINITIONS = (
					"DEBUG=1",
					"$(inherited)",
				);
				GCC_WARN_64_TO_32_BIT_CONVERSION = YES;
				GCC_WARN_ABOUT_RETURN_TYPE = YES_ERROR;
				GCC_WARN_UNDECLARED_SELECTOR = YES;
				GCC_WARN_UNINITIALIZED_AUTOS = YES_AGGRESSIVE;
				GCC_WARN_UNUSED_FUNCTION = YES;
				GCC_WARN_UNUSED_VARIABLE = YES;
				LOCALIZATION_PREFERS_STRING_CATALOGS = YES;
				MACOSX_DEPLOYMENT_TARGET = 14.0;
				MTL_ENABLE_DEBUG_INFO = INCLUDE_SOURCE;
				MTL_FAST_MATH = YES;
				ONLY_ACTIVE_ARCH = YES;
				SDKROOT = macosx;
				SWIFT_ACTIVE_COMPILATION_CONDITIONS = "DEBUG $(inherited)";
				SWIFT_OPTIMIZATION_LEVEL = "-Onone";
			};
			name = Debug;
		};
		2C68BB532AE9044B000FD360 /* Release */ = {
			isa = XCBuildConfiguration;
			buildSettings = {
				ALWAYS_SEARCH_USER_PATHS = NO;
				ASSETCATALOG_COMPILER_GENERATE_SWIFT_ASSET_SYMBOL_EXTENSIONS = YES;
				CLANG_ANALYZER_NONNULL = YES;
				CLANG_ANALYZER_NUMBER_OBJECT_CONVERSION = YES_AGGRESSIVE;
				CLANG_CXX_LANGUAGE_STANDARD = "gnu++20";
				CLANG_ENABLE_MODULES = YES;
				CLANG_ENABLE_OBJC_ARC = YES;
				CLANG_ENABLE_OBJC_WEAK = YES;
				CLANG_WARN_BLOCK_CAPTURE_AUTORELEASING = YES;
				CLANG_WARN_BOOL_CONVERSION = YES;
				CLANG_WARN_COMMA = YES;
				CLANG_WARN_CONSTANT_CONVERSION = YES;
				CLANG_WARN_DEPRECATED_OBJC_IMPLEMENTATIONS = YES;
				CLANG_WARN_DIRECT_OBJC_ISA_USAGE = YES_ERROR;
				CLANG_WARN_DOCUMENTATION_COMMENTS = YES;
				CLANG_WARN_EMPTY_BODY = YES;
				CLANG_WARN_ENUM_CONVERSION = YES;
				CLANG_WARN_INFINITE_RECURSION = YES;
				CLANG_WARN_INT_CONVERSION = YES;
				CLANG_WARN_NON_LITERAL_NULL_CONVERSION = YES;
				CLANG_WARN_OBJC_IMPLICIT_RETAIN_SELF = YES;
				CLANG_WARN_OBJC_LITERAL_CONVERSION = YES;
				CLANG_WARN_OBJC_ROOT_CLASS = YES_ERROR;
				CLANG_WARN_QUOTED_INCLUDE_IN_FRAMEWORK_HEADER = YES;
				CLANG_WARN_RANGE_LOOP_ANALYSIS = YES;
				CLANG_WARN_STRICT_PROTOTYPES = YES;
				CLANG_WARN_SUSPICIOUS_MOVE = YES;
				CLANG_WARN_UNGUARDED_AVAILABILITY = YES_AGGRESSIVE;
				CLANG_WARN_UNREACHABLE_CODE = YES;
				CLANG_WARN__DUPLICATE_METHOD_MATCH = YES;
				COPY_PHASE_STRIP = NO;
				DEBUG_INFORMATION_FORMAT = "dwarf-with-dsym";
				ENABLE_NS_ASSERTIONS = NO;
				ENABLE_STRICT_OBJC_MSGSEND = YES;
				ENABLE_USER_SCRIPT_SANDBOXING = YES;
				GCC_C_LANGUAGE_STANDARD = gnu17;
				GCC_NO_COMMON_BLOCKS = YES;
				GCC_WARN_64_TO_32_BIT_CONVERSION = YES;
				GCC_WARN_ABOUT_RETURN_TYPE = YES_ERROR;
				GCC_WARN_UNDECLARED_SELECTOR = YES;
				GCC_WARN_UNINITIALIZED_AUTOS = YES_AGGRESSIVE;
				GCC_WARN_UNUSED_FUNCTION = YES;
				GCC_WARN_UNUSED_VARIABLE = YES;
				LOCALIZATION_PREFERS_STRING_CATALOGS = YES;
				MACOSX_DEPLOYMENT_TARGET = 14.0;
				MTL_ENABLE_DEBUG_INFO = NO;
				MTL_FAST_MATH = YES;
				SDKROOT = macosx;
				SWIFT_COMPILATION_MODE = wholemodule;
			};
			name = Release;
		};
		2C68BB552AE9044B000FD360 /* Debug */ = {
			isa = XCBuildConfiguration;
			buildSettings = {
				ASSETCATALOG_COMPILER_APPICON_NAME = AppIcon;
				ASSETCATALOG_COMPILER_GLOBAL_ACCENT_COLOR_NAME = AccentColor;
				ASSETCATALOG_COMPILER_INCLUDE_ALL_APPICON_ASSETS = YES;
				CODE_SIGN_ENTITLEMENTS = HelpCook/HelpCook.entitlements;
				CODE_SIGN_STYLE = Automatic;
				COMBINE_HIDPI_IMAGES = YES;
				CURRENT_PROJECT_VERSION = 1;
				DEVELOPMENT_ASSET_PATHS = "\"HelpCook/Preview Content\"";
				DEVELOPMENT_TEAM = U4BQZ3AXAA;
				ENABLE_HARDENED_RUNTIME = YES;
				ENABLE_PREVIEWS = YES;
				GENERATE_INFOPLIST_FILE = YES;
				INFOPLIST_KEY_LSApplicationCategoryType = "public.app-category.lifestyle";
				INFOPLIST_KEY_NSHumanReadableCopyright = "";
				INFOPLIST_KEY_UILaunchStoryboardName = "Launch Screen.storyboard";
				INFOPLIST_KEY_UIStatusBarStyle = "";
				LD_RUNPATH_SEARCH_PATHS = (
					"$(inherited)",
					"@executable_path/../Frameworks",
				);
				MARKETING_VERSION = 1.0;
				PRODUCT_BUNDLE_IDENTIFIER = com.sueunkim.HelpCook;
				PRODUCT_NAME = "$(TARGET_NAME)";
				SUPPORTED_PLATFORMS = "iphoneos iphonesimulator";
				SUPPORTS_MACCATALYST = NO;
				SWIFT_EMIT_LOC_STRINGS = YES;
				SWIFT_VERSION = 5.0;
				TARGETED_DEVICE_FAMILY = "1,2";
			};
			name = Debug;
		};
		2C68BB562AE9044B000FD360 /* Release */ = {
			isa = XCBuildConfiguration;
			buildSettings = {
				ASSETCATALOG_COMPILER_APPICON_NAME = AppIcon;
				ASSETCATALOG_COMPILER_GLOBAL_ACCENT_COLOR_NAME = AccentColor;
				ASSETCATALOG_COMPILER_INCLUDE_ALL_APPICON_ASSETS = YES;
				CODE_SIGN_ENTITLEMENTS = HelpCook/HelpCook.entitlements;
				CODE_SIGN_STYLE = Automatic;
				COMBINE_HIDPI_IMAGES = YES;
				CURRENT_PROJECT_VERSION = 1;
				DEVELOPMENT_ASSET_PATHS = "\"HelpCook/Preview Content\"";
				DEVELOPMENT_TEAM = U4BQZ3AXAA;
				ENABLE_HARDENED_RUNTIME = YES;
				ENABLE_PREVIEWS = YES;
				GENERATE_INFOPLIST_FILE = YES;
				INFOPLIST_KEY_LSApplicationCategoryType = "public.app-category.lifestyle";
				INFOPLIST_KEY_NSHumanReadableCopyright = "";
				INFOPLIST_KEY_UILaunchStoryboardName = "Launch Screen.storyboard";
				INFOPLIST_KEY_UIStatusBarStyle = "";
				LD_RUNPATH_SEARCH_PATHS = (
					"$(inherited)",
					"@executable_path/../Frameworks",
				);
				MARKETING_VERSION = 1.0;
				PRODUCT_BUNDLE_IDENTIFIER = com.sueunkim.HelpCook;
				PRODUCT_NAME = "$(TARGET_NAME)";
				SUPPORTED_PLATFORMS = "iphoneos iphonesimulator";
				SUPPORTS_MACCATALYST = NO;
				SWIFT_EMIT_LOC_STRINGS = YES;
				SWIFT_VERSION = 5.0;
				TARGETED_DEVICE_FAMILY = "1,2";
			};
			name = Release;
		};
		2C68BB582AE9044B000FD360 /* Debug */ = {
			isa = XCBuildConfiguration;
			buildSettings = {
				ALWAYS_EMBED_SWIFT_STANDARD_LIBRARIES = YES;
				BUNDLE_LOADER = "$(TEST_HOST)";
				CODE_SIGN_STYLE = Automatic;
				CURRENT_PROJECT_VERSION = 1;
				DEVELOPMENT_TEAM = U4BQZ3AXAA;
				GENERATE_INFOPLIST_FILE = YES;
				MACOSX_DEPLOYMENT_TARGET = 14.0;
				MARKETING_VERSION = 1.0;
				PRODUCT_BUNDLE_IDENTIFIER = com.sueunkim.HelpCookTests;
				PRODUCT_NAME = "$(TARGET_NAME)";
				SWIFT_EMIT_LOC_STRINGS = NO;
				SWIFT_VERSION = 5.0;
				TEST_HOST = "$(BUILT_PRODUCTS_DIR)/HelpCook.app/$(BUNDLE_EXECUTABLE_FOLDER_PATH)/HelpCook";
			};
			name = Debug;
		};
		2C68BB592AE9044B000FD360 /* Release */ = {
			isa = XCBuildConfiguration;
			buildSettings = {
				ALWAYS_EMBED_SWIFT_STANDARD_LIBRARIES = YES;
				BUNDLE_LOADER = "$(TEST_HOST)";
				CODE_SIGN_STYLE = Automatic;
				CURRENT_PROJECT_VERSION = 1;
				DEVELOPMENT_TEAM = U4BQZ3AXAA;
				GENERATE_INFOPLIST_FILE = YES;
				MACOSX_DEPLOYMENT_TARGET = 14.0;
				MARKETING_VERSION = 1.0;
				PRODUCT_BUNDLE_IDENTIFIER = com.sueunkim.HelpCookTests;
				PRODUCT_NAME = "$(TARGET_NAME)";
				SWIFT_EMIT_LOC_STRINGS = NO;
				SWIFT_VERSION = 5.0;
				TEST_HOST = "$(BUILT_PRODUCTS_DIR)/HelpCook.app/$(BUNDLE_EXECUTABLE_FOLDER_PATH)/HelpCook";
			};
			name = Release;
		};
		2C68BB5B2AE9044B000FD360 /* Debug */ = {
			isa = XCBuildConfiguration;
			buildSettings = {
				ALWAYS_EMBED_SWIFT_STANDARD_LIBRARIES = YES;
				CODE_SIGN_STYLE = Automatic;
				CURRENT_PROJECT_VERSION = 1;
				DEVELOPMENT_TEAM = U4BQZ3AXAA;
				GENERATE_INFOPLIST_FILE = YES;
				MARKETING_VERSION = 1.0;
				PRODUCT_BUNDLE_IDENTIFIER = com.sueunkim.HelpCookUITests;
				PRODUCT_NAME = "$(TARGET_NAME)";
				SWIFT_EMIT_LOC_STRINGS = NO;
				SWIFT_VERSION = 5.0;
				TEST_TARGET_NAME = HelpCook;
			};
			name = Debug;
		};
		2C68BB5C2AE9044B000FD360 /* Release */ = {
			isa = XCBuildConfiguration;
			buildSettings = {
				ALWAYS_EMBED_SWIFT_STANDARD_LIBRARIES = YES;
				CODE_SIGN_STYLE = Automatic;
				CURRENT_PROJECT_VERSION = 1;
				DEVELOPMENT_TEAM = U4BQZ3AXAA;
				GENERATE_INFOPLIST_FILE = YES;
				MARKETING_VERSION = 1.0;
				PRODUCT_BUNDLE_IDENTIFIER = com.sueunkim.HelpCookUITests;
				PRODUCT_NAME = "$(TARGET_NAME)";
				SWIFT_EMIT_LOC_STRINGS = NO;
				SWIFT_VERSION = 5.0;
				TEST_TARGET_NAME = HelpCook;
			};
			name = Release;
		};
/* End XCBuildConfiguration section */

/* Begin XCConfigurationList section */
		2C68BB2A2AE9044A000FD360 /* Build configuration list for PBXProject "HelpCook" */ = {
			isa = XCConfigurationList;
			buildConfigurations = (
				2C68BB522AE9044B000FD360 /* Debug */,
				2C68BB532AE9044B000FD360 /* Release */,
			);
			defaultConfigurationIsVisible = 0;
			defaultConfigurationName = Release;
		};
		2C68BB542AE9044B000FD360 /* Build configuration list for PBXNativeTarget "HelpCook" */ = {
			isa = XCConfigurationList;
			buildConfigurations = (
				2C68BB552AE9044B000FD360 /* Debug */,
				2C68BB562AE9044B000FD360 /* Release */,
			);
			defaultConfigurationIsVisible = 0;
			defaultConfigurationName = Release;
		};
		2C68BB572AE9044B000FD360 /* Build configuration list for PBXNativeTarget "HelpCookTests" */ = {
			isa = XCConfigurationList;
			buildConfigurations = (
				2C68BB582AE9044B000FD360 /* Debug */,
				2C68BB592AE9044B000FD360 /* Release */,
			);
			defaultConfigurationIsVisible = 0;
			defaultConfigurationName = Release;
		};
		2C68BB5A2AE9044B000FD360 /* Build configuration list for PBXNativeTarget "HelpCookUITests" */ = {
			isa = XCConfigurationList;
			buildConfigurations = (
				2C68BB5B2AE9044B000FD360 /* Debug */,
				2C68BB5C2AE9044B000FD360 /* Release */,
			);
			defaultConfigurationIsVisible = 0;
			defaultConfigurationName = Release;
		};
/* End XCConfigurationList section */

/* Begin XCRemoteSwiftPackageReference section */
		2C3300D32AEEAD0400E56B9C /* XCRemoteSwiftPackageReference "SwiftSoup" */ = {
			isa = XCRemoteSwiftPackageReference;
			repositoryURL = "https://github.com/scinfu/SwiftSoup";
			requirement = {
				kind = upToNextMajorVersion;
				minimumVersion = 2.6.1;
			};
		};
		2C78C9342B0A4AEA0050AE46 /* XCRemoteSwiftPackageReference "firebase-ios-sdk" */ = {
			isa = XCRemoteSwiftPackageReference;
			repositoryURL = "https://github.com/firebase/firebase-ios-sdk.git";
			requirement = {
				kind = upToNextMajorVersion;
				minimumVersion = 10.18.0;
			};
		};
/* End XCRemoteSwiftPackageReference section */

/* Begin XCSwiftPackageProductDependency section */
		2C3300D42AEEAD0400E56B9C /* SwiftSoup */ = {
			isa = XCSwiftPackageProductDependency;
			package = 2C3300D32AEEAD0400E56B9C /* XCRemoteSwiftPackageReference "SwiftSoup" */;
			productName = SwiftSoup;
		};
		2C78C9382B0A4D8E0050AE46 /* FirebaseAuth */ = {
			isa = XCSwiftPackageProductDependency;
			package = 2C78C9342B0A4AEA0050AE46 /* XCRemoteSwiftPackageReference "firebase-ios-sdk" */;
			productName = FirebaseAuth;
		};
		2C78C93A2B0A4DA80050AE46 /* FirebaseAnalytics */ = {
			isa = XCSwiftPackageProductDependency;
			package = 2C78C9342B0A4AEA0050AE46 /* XCRemoteSwiftPackageReference "firebase-ios-sdk" */;
			productName = FirebaseAnalytics;
		};
		2C78C93C2B0A4DA80050AE46 /* FirebaseAnalyticsOnDeviceConversion */ = {
			isa = XCSwiftPackageProductDependency;
			package = 2C78C9342B0A4AEA0050AE46 /* XCRemoteSwiftPackageReference "firebase-ios-sdk" */;
			productName = FirebaseAnalyticsOnDeviceConversion;
		};
		2C78C93E2B0A4DA80050AE46 /* FirebaseAnalyticsSwift */ = {
			isa = XCSwiftPackageProductDependency;
			package = 2C78C9342B0A4AEA0050AE46 /* XCRemoteSwiftPackageReference "firebase-ios-sdk" */;
			productName = FirebaseAnalyticsSwift;
		};
		2C78C9402B0A4DA80050AE46 /* FirebaseAnalyticsWithoutAdIdSupport */ = {
			isa = XCSwiftPackageProductDependency;
			package = 2C78C9342B0A4AEA0050AE46 /* XCRemoteSwiftPackageReference "firebase-ios-sdk" */;
			productName = FirebaseAnalyticsWithoutAdIdSupport;
		};
		2C78C9422B0A4DA80050AE46 /* FirebaseAppCheck */ = {
			isa = XCSwiftPackageProductDependency;
			package = 2C78C9342B0A4AEA0050AE46 /* XCRemoteSwiftPackageReference "firebase-ios-sdk" */;
			productName = FirebaseAppCheck;
		};
/* End XCSwiftPackageProductDependency section */
	};
	rootObject = 2C68BB272AE9044A000FD360 /* Project object */;
}
